PODS:
  - Alamofire (3.3.1)
  - ChameleonFramework (2.1.0):
    - ChameleonFramework/Default (= 2.1.0)
  - ChameleonFramework/Default (2.1.0)
  - SwiftyJSON (2.3.2)

DEPENDENCIES:
  - Alamofire
  - ChameleonFramework
  - SwiftyJSON

SPEC CHECKSUMS:
  Alamofire: 369bc67b6f5ac33ded3648d7bd21c5bfb91c2ecc
  ChameleonFramework: d21a3cc247abfe5e37609a283a8238b03575cf64
  SwiftyJSON: 04ccea08915aa0109039157c7974cf0298da292a

COCOAPODS: 0.39.0
